{
  "nodes": {
    "flake-utils": {
      "inputs": {
        "systems": "systems"
      },
      "locked": {
        "lastModified": 1710146030,
        "narHash": "sha256-SZ5L6eA7HJ/nmkzGG7/ISclqe6oZdOZTNoesiInkXPQ=",
        "owner": "numtide",
        "repo": "flake-utils",
        "rev": "b1d9ab70662946ef0850d488da1c9019f3a9752a",
        "type": "github"
      },
      "original": {
        "owner": "numtide",
        "repo": "flake-utils",
        "type": "github"
      }
    },
    "nixpkgs": {
      "locked": {
        "lastModified": 1725634671,
        "narHash": "sha256-v3rIhsJBOMLR8e/RNWxr828tB+WywYIoajrZKFM+0Gg=",
        "owner": "nixos",
        "repo": "nixpkgs",
        "rev": "574d1eac1c200690e27b8eb4e24887f8df7ac27c",
        "type": "github"
      },
      "original": {
        "owner": "nixos",
        "ref": "nixos-unstable",
        "repo": "nixpkgs",
        "type": "github"
      }
    },
    "root": {
      "inputs": {
        "flake-utils": "flake-utils",
        "nixpkgs": "nixpkgs",
        "sst-linux-arm64": "sst-linux-arm64",
        "sst-linux-x86_64": "sst-linux-x86_64",
        "sst-mac-arm64": "sst-mac-arm64",
        "sst-mac-x86_64": "sst-mac-x86_64"
      }
    },
    "sst-linux-arm64": {
      "flake": false,
      "locked": {
        "narHash": "sha256-a+47tYLoM7BPniVklNuoOnp0+nK+aONOObVEwpsW2FU=",
        "type": "file",
        "url": "https://github.com/sst/ion/releases/latest/download/sst-linux-arm64.tar.gz"
      },
      "original": {
        "type": "file",
        "url": "https://github.com/sst/ion/releases/latest/download/sst-linux-arm64.tar.gz"
      }
    },
    "sst-linux-x86_64": {
      "flake": false,
      "locked": {
        "narHash": "sha256-Q2zDGT1EZhQnVCgCX1qAoWWG5k2+F3hZLJGU7KXCTN0=",
        "type": "file",
        "url": "https://github.com/sst/ion/releases/latest/download/sst-linux-x86_64.tar.gz"
      },
      "original": {
        "type": "file",
        "url": "https://github.com/sst/ion/releases/latest/download/sst-linux-x86_64.tar.gz"
      }
    },
    "sst-mac-arm64": {
      "flake": false,
      "locked": {
        "narHash": "sha256-UhGzaLmScAOLAHpK3kKB1FrXOu8tMk9of6M/LQtTKCs=",
        "type": "file",
        "url": "https://github.com/sst/ion/releases/latest/download/sst-mac-arm64.tar.gz"
      },
      "original": {
        "type": "file",
        "url": "https://github.com/sst/ion/releases/latest/download/sst-mac-arm64.tar.gz"
      }
    },
    "sst-mac-x86_64": {
      "flake": false,
      "locked": {
        "narHash": "sha256-RDd6ENPSaprvWo4Ev/5cr4Rd8hsrxMs6UOeI7cyTaV0=",
        "type": "file",
        "url": "https://github.com/sst/ion/releases/latest/download/sst-mac-x86_64.tar.gz"
      },
      "original": {
        "type": "file",
        "url": "https://github.com/sst/ion/releases/latest/download/sst-mac-x86_64.tar.gz"
      }
    },
    "systems": {
      "locked": {
        "lastModified": 1681028828,
        "narHash": "sha256-Vy1rq5AaRuLzOxct8nz4T6wlgyUR7zLU309k9mBC768=",
        "owner": "nix-systems",
        "repo": "default",
        "rev": "da67096a3b9bf56a91d16901293e51ba5b49a27e",
        "type": "github"
      },
      "original": {
        "owner": "nix-systems",
        "repo": "default",
        "type": "github"
      }
    }
  },
  "root": "root",
  "version": 7
}
