{
  "nodes": {
    "flake-utils": {
      "inputs": {
        "systems": "systems"
      },
      "locked": {
        "lastModified": 1710146030,
        "narHash": "sha256-SZ5L6eA7HJ/nmkzGG7/ISclqe6oZdOZTNoesiInkXPQ=",
        "owner": "numtide",
        "repo": "flake-utils",
        "rev": "b1d9ab70662946ef0850d488da1c9019f3a9752a",
        "type": "github"
      },
      "original": {
        "owner": "numtide",
        "repo": "flake-utils",
        "type": "github"
      }
    },
    "nixpkgs": {
      "locked": {
        "lastModified": 1712791164,
        "narHash": "sha256-3sbWO1mbpWsLepZGbWaMovSO7ndZeFqDSdX0hZ9nVyw=",
        "owner": "nixos",
        "repo": "nixpkgs",
        "rev": "1042fd8b148a9105f3c0aca3a6177fd1d9360ba5",
        "type": "github"
      },
      "original": {
        "owner": "nixos",
        "ref": "nixos-unstable",
        "repo": "nixpkgs",
        "type": "github"
      }
    },
    "root": {
      "inputs": {
        "flake-utils": "flake-utils",
        "nixpkgs": "nixpkgs",
        "sst-linux-arm64": "sst-linux-arm64",
        "sst-linux-x86_64": "sst-linux-x86_64",
        "sst-mac-arm64": "sst-mac-arm64",
        "sst-mac-x86_64": "sst-mac-x86_64"
      }
    },
    "sst-linux-arm64": {
      "flake": false,
      "locked": {
        "narHash": "sha256-C2YS8JpLNJy/xCR6zP64S0MDfye9v/V41zLy/pq3TNA=",
        "type": "file",
        "url": "https://github.com/sst/ion/releases/latest/download/sst-linux-arm64.tar.gz"
      },
      "original": {
        "type": "file",
        "url": "https://github.com/sst/ion/releases/latest/download/sst-linux-arm64.tar.gz"
      }
    },
    "sst-linux-x86_64": {
      "flake": false,
      "locked": {
        "narHash": "sha256-Hk6UBzKs4e6ruLz8F/d8W7s6S4nWcur/9Y25ejKi1Ok=",
        "type": "file",
        "url": "https://github.com/sst/ion/releases/latest/download/sst-linux-x86_64.tar.gz"
      },
      "original": {
        "type": "file",
        "url": "https://github.com/sst/ion/releases/latest/download/sst-linux-x86_64.tar.gz"
      }
    },
    "sst-mac-arm64": {
      "flake": false,
      "locked": {
        "narHash": "sha256-Hj1jdhtfMEh0c/IW5OGclR7otjnAUqJA5w4W0xeK3Cg=",
        "type": "file",
        "url": "https://github.com/sst/ion/releases/latest/download/sst-mac-arm64.tar.gz"
      },
      "original": {
        "type": "file",
        "url": "https://github.com/sst/ion/releases/latest/download/sst-mac-arm64.tar.gz"
      }
    },
    "sst-mac-x86_64": {
      "flake": false,
      "locked": {
        "narHash": "sha256-m6CG38APVMvR3q70b91PcC84/GJjcPQGLxcr9I6z6cY=",
        "type": "file",
        "url": "https://github.com/sst/ion/releases/latest/download/sst-mac-x86_64.tar.gz"
      },
      "original": {
        "type": "file",
        "url": "https://github.com/sst/ion/releases/latest/download/sst-mac-x86_64.tar.gz"
      }
    },
    "systems": {
      "locked": {
        "lastModified": 1681028828,
        "narHash": "sha256-Vy1rq5AaRuLzOxct8nz4T6wlgyUR7zLU309k9mBC768=",
        "owner": "nix-systems",
        "repo": "default",
        "rev": "da67096a3b9bf56a91d16901293e51ba5b49a27e",
        "type": "github"
      },
      "original": {
        "owner": "nix-systems",
        "repo": "default",
        "type": "github"
      }
    }
  },
  "root": "root",
  "version": 7
}
