{
  "nodes": {
    "flake-utils": {
      "inputs": {
        "systems": "systems"
      },
      "locked": {
        "lastModified": 1710146030,
        "narHash": "sha256-SZ5L6eA7HJ/nmkzGG7/ISclqe6oZdOZTNoesiInkXPQ=",
        "owner": "numtide",
        "repo": "flake-utils",
        "rev": "b1d9ab70662946ef0850d488da1c9019f3a9752a",
        "type": "github"
      },
      "original": {
        "owner": "numtide",
        "repo": "flake-utils",
        "type": "github"
      }
    },
    "nixpkgs": {
      "locked": {
        "lastModified": 1722630782,
        "narHash": "sha256-hMyG9/WlUi0Ho9VkRrrez7SeNlDzLxalm9FwY7n/Noo=",
        "owner": "nixos",
        "repo": "nixpkgs",
        "rev": "d04953086551086b44b6f3c6b7eeb26294f207da",
        "type": "github"
      },
      "original": {
        "owner": "nixos",
        "ref": "nixos-unstable",
        "repo": "nixpkgs",
        "type": "github"
      }
    },
    "root": {
      "inputs": {
        "flake-utils": "flake-utils",
        "nixpkgs": "nixpkgs",
        "sst-linux-arm64": "sst-linux-arm64",
        "sst-linux-x86_64": "sst-linux-x86_64",
        "sst-mac-arm64": "sst-mac-arm64",
        "sst-mac-x86_64": "sst-mac-x86_64"
      }
    },
    "sst-linux-arm64": {
      "flake": false,
      "locked": {
        "narHash": "sha256-cabT2Tb4bfrdPm5+wV3p2OTuoNtLX/8F/tZeoNFlvdY=",
        "type": "file",
        "url": "https://github.com/sst/ion/releases/latest/download/sst-linux-arm64.tar.gz"
      },
      "original": {
        "type": "file",
        "url": "https://github.com/sst/ion/releases/latest/download/sst-linux-arm64.tar.gz"
      }
    },
    "sst-linux-x86_64": {
      "flake": false,
      "locked": {
        "narHash": "sha256-rgMixCHGCIgew+1El84svP5ptUnJhktWCshxD+/ju30=",
        "type": "file",
        "url": "https://github.com/sst/ion/releases/latest/download/sst-linux-x86_64.tar.gz"
      },
      "original": {
        "type": "file",
        "url": "https://github.com/sst/ion/releases/latest/download/sst-linux-x86_64.tar.gz"
      }
    },
    "sst-mac-arm64": {
      "flake": false,
      "locked": {
        "narHash": "sha256-3jhuV20VMCtX4m5zGZxjjl9pNQZfzmiS2UAHg8k8lwo=",
        "type": "file",
        "url": "https://github.com/sst/ion/releases/latest/download/sst-mac-arm64.tar.gz"
      },
      "original": {
        "type": "file",
        "url": "https://github.com/sst/ion/releases/latest/download/sst-mac-arm64.tar.gz"
      }
    },
    "sst-mac-x86_64": {
      "flake": false,
      "locked": {
        "narHash": "sha256-Kcd5C2/geBP1czP+U32N2PA72DVVZkPBmtQUKiauvso=",
        "type": "file",
        "url": "https://github.com/sst/ion/releases/latest/download/sst-mac-x86_64.tar.gz"
      },
      "original": {
        "type": "file",
        "url": "https://github.com/sst/ion/releases/latest/download/sst-mac-x86_64.tar.gz"
      }
    },
    "systems": {
      "locked": {
        "lastModified": 1681028828,
        "narHash": "sha256-Vy1rq5AaRuLzOxct8nz4T6wlgyUR7zLU309k9mBC768=",
        "owner": "nix-systems",
        "repo": "default",
        "rev": "da67096a3b9bf56a91d16901293e51ba5b49a27e",
        "type": "github"
      },
      "original": {
        "owner": "nix-systems",
        "repo": "default",
        "type": "github"
      }
    }
  },
  "root": "root",
  "version": 7
}
